
Microsoft Visual Studio Solution File, Format Version 12.00
# Visual Studio Version 16
VisualStudioVersion = 16.0.30717.126
MinimumVisualStudioVersion = 10.0.40219.1
Project("{9A19103F-16F7-4668-BE54-9A1E7A4F7556}") = "AudioToggle", "AudioToggle\AudioToggle.csproj", "{64B80A2A-96CB-45E9-9C7F-D556EF2B7832}"
EndProject
Project("{2150E333-8FDC-42A3-9474-1A3956D46DE8}") = "Wiki", "Wiki", "{86399916-8188-49AB-B6FE-7691E7A91B36}"
EndProject
Project("{2150E333-8FDC-42A3-9474-1A3956D46DE8}") = "AudioToggle", "AudioToggle", "{75436EF5-1910-41EF-A881-0DF611976CFF}"
	ProjectSection(SolutionItems) = preProject
		Wiki\AudioToggle\AudioToggle.md = Wiki\AudioToggle\AudioToggle.md
		Wiki\AudioToggle\img0.png = Wiki\AudioToggle\img0.png
		Wiki\AudioToggle\img1.png = Wiki\AudioToggle\img1.png
		Wiki\AudioToggle\img2.png = Wiki\AudioToggle\img2.png
	EndProjectSection
EndProject
Global
	GlobalSection(SolutionConfigurationPlatforms) = preSolution
		Debug|Any CPU = Debug|Any CPU
		Release|Any CPU = Release|Any CPU
	EndGlobalSection
	GlobalSection(ProjectConfigurationPlatforms) = postSolution
		{64B80A2A-96CB-45E9-9C7F-D556EF2B7832}.Debug|Any CPU.ActiveCfg = Debug|Any CPU
		{64B80A2A-96CB-45E9-9C7F-D556EF2B7832}.Debug|Any CPU.Build.0 = Debug|Any CPU
		{64B80A2A-96CB-45E9-9C7F-D556EF2B7832}.Release|Any CPU.ActiveCfg = Release|Any CPU
		{64B80A2A-96CB-45E9-9C7F-D556EF2B7832}.Release|Any CPU.Build.0 = Release|Any CPU
	EndGlobalSection
	GlobalSection(SolutionProperties) = preSolution
		HideSolutionNode = FALSE
	EndGlobalSection
	GlobalSection(NestedProjects) = preSolution
		{75436EF5-1910-41EF-A881-0DF611976CFF} = {86399916-8188-49AB-B6FE-7691E7A91B36}
	EndGlobalSection
	GlobalSection(ExtensibilityGlobals) = postSolution
		SolutionGuid = {336BC89B-7098-4333-9ABE-466ED2A86B24}
	EndGlobalSection
EndGlobal
